
Microsoft Visual Studio Solution File, Format Version 12.00
# Visual Studio Version 17
VisualStudioVersion = 17.6.33829.357
MinimumVisualStudioVersion = 10.0.40219.1
Project("{FAE04EC0-301F-11D3-BF4B-00C04F79EFBC}") = "Adesso.WordLeague", "Adesso.WordLeague\Adesso.WordLeague.csproj", "{3AC9FF06-BC99-46D3-BF48-C64DF2854560}"
EndProject
Global
	GlobalSection(SolutionConfigurationPlatforms) = preSolution
		Debug|Any CPU = Debug|Any CPU
		Release|Any CPU = Release|Any CPU
	EndGlobalSection
	GlobalSection(ProjectConfigurationPlatforms) = postSolution
		{3AC9FF06-BC99-46D3-BF48-C64DF2854560}.Debug|Any CPU.ActiveCfg = Debug|Any CPU
		{3AC9FF06-BC99-46D3-BF48-C64DF2854560}.Debug|Any CPU.Build.0 = Debug|Any CPU
		{3AC9FF06-BC99-46D3-BF48-C64DF2854560}.Release|Any CPU.ActiveCfg = Release|Any CPU
		{3AC9FF06-BC99-46D3-BF48-C64DF2854560}.Release|Any CPU.Build.0 = Release|Any CPU
	EndGlobalSection
	GlobalSection(SolutionProperties) = preSolution
		HideSolutionNode = FALSE
	EndGlobalSection
	GlobalSection(ExtensibilityGlobals) = postSolution
		SolutionGuid = {0A91596C-9C67-4F77-A117-E39414FCA4BA}
	EndGlobalSection
EndGlobal
